
Microsoft Visual Studio Solution File, Format Version 12.00
# Visual Studio 15
VisualStudioVersion = 15.0.27130.2024
MinimumVisualStudioVersion = 10.0.40219.1
Project("{FAE04EC0-301F-11D3-BF4B-00C04F79EFBC}") = "Memberships", "Memberships\Memberships.csproj", "{45C246F0-EC37-49D2-BCB0-7A9F1A41F393}"
EndProject
Global
	GlobalSection(SolutionConfigurationPlatforms) = preSolution
		Debug|Any CPU = Debug|Any CPU
		Release|Any CPU = Release|Any CPU
	EndGlobalSection
	GlobalSection(ProjectConfigurationPlatforms) = postSolution
		{45C246F0-EC37-49D2-BCB0-7A9F1A41F393}.Debug|Any CPU.ActiveCfg = Debug|Any CPU
		{45C246F0-EC37-49D2-BCB0-7A9F1A41F393}.Debug|Any CPU.Build.0 = Debug|Any CPU
		{45C246F0-EC37-49D2-BCB0-7A9F1A41F393}.Release|Any CPU.ActiveCfg = Release|Any CPU
		{45C246F0-EC37-49D2-BCB0-7A9F1A41F393}.Release|Any CPU.Build.0 = Release|Any CPU
	EndGlobalSection
	GlobalSection(SolutionProperties) = preSolution
		HideSolutionNode = FALSE
	EndGlobalSection
	GlobalSection(ExtensibilityGlobals) = postSolution
		SolutionGuid = {ACFAC720-100E-48A2-8610-F7E20EC30C6F}
	EndGlobalSection
EndGlobal
